
Microsoft Visual Studio Solution File, Format Version 11.00
# Visual Studio 2010
Project("{FAE04EC0-301F-11D3-BF4B-00C04F79EFBC}") = "WorkflowCodeProject.Silverlight", "WorkflowCodeProject.Silverlight\WorkflowCodeProject.Silverlight.csproj", "{A9A37ABE-4BE5-409E-8D6E-62C574D4603D}"
EndProject
Project("{FAE04EC0-301F-11D3-BF4B-00C04F79EFBC}") = "WorkflowCodeProject.NetFramework", "WorkflowCodeProject.NetFramework\WorkflowCodeProject.NetFramework.csproj", "{EA695D0A-3D77-4DE0-8D4F-35024A042377}"
EndProject
Project("{FAE04EC0-301F-11D3-BF4B-00C04F79EFBC}") = "WpfSampleApplication", "WpfSampleApplication\WpfSampleApplication.csproj", "{2DAC418D-0C9E-4DC6-9E08-FCA2397A4907}"
EndProject
Global
	GlobalSection(SolutionConfigurationPlatforms) = preSolution
		Debug|Any CPU = Debug|Any CPU
		Debug|Mixed Platforms = Debug|Mixed Platforms
		Debug|x86 = Debug|x86
		Release|Any CPU = Release|Any CPU
		Release|Mixed Platforms = Release|Mixed Platforms
		Release|x86 = Release|x86
	EndGlobalSection
	GlobalSection(ProjectConfigurationPlatforms) = postSolution
		{A9A37ABE-4BE5-409E-8D6E-62C574D4603D}.Debug|Any CPU.ActiveCfg = Debug|Any CPU
		{A9A37ABE-4BE5-409E-8D6E-62C574D4603D}.Debug|Any CPU.Build.0 = Debug|Any CPU
		{A9A37ABE-4BE5-409E-8D6E-62C574D4603D}.Debug|Mixed Platforms.ActiveCfg = Debug|Any CPU
		{A9A37ABE-4BE5-409E-8D6E-62C574D4603D}.Debug|Mixed Platforms.Build.0 = Debug|Any CPU
		{A9A37ABE-4BE5-409E-8D6E-62C574D4603D}.Debug|x86.ActiveCfg = Debug|Any CPU
		{A9A37ABE-4BE5-409E-8D6E-62C574D4603D}.Release|Any CPU.ActiveCfg = Release|Any CPU
		{A9A37ABE-4BE5-409E-8D6E-62C574D4603D}.Release|Any CPU.Build.0 = Release|Any CPU
		{A9A37ABE-4BE5-409E-8D6E-62C574D4603D}.Release|Mixed Platforms.ActiveCfg = Release|Any CPU
		{A9A37ABE-4BE5-409E-8D6E-62C574D4603D}.Release|Mixed Platforms.Build.0 = Release|Any CPU
		{A9A37ABE-4BE5-409E-8D6E-62C574D4603D}.Release|x86.ActiveCfg = Release|Any CPU
		{EA695D0A-3D77-4DE0-8D4F-35024A042377}.Debug|Any CPU.ActiveCfg = Debug|Any CPU
		{EA695D0A-3D77-4DE0-8D4F-35024A042377}.Debug|Any CPU.Build.0 = Debug|Any CPU
		{EA695D0A-3D77-4DE0-8D4F-35024A042377}.Debug|Mixed Platforms.ActiveCfg = Debug|Any CPU
		{EA695D0A-3D77-4DE0-8D4F-35024A042377}.Debug|Mixed Platforms.Build.0 = Debug|Any CPU
		{EA695D0A-3D77-4DE0-8D4F-35024A042377}.Debug|x86.ActiveCfg = Debug|Any CPU
		{EA695D0A-3D77-4DE0-8D4F-35024A042377}.Release|Any CPU.ActiveCfg = Release|Any CPU
		{EA695D0A-3D77-4DE0-8D4F-35024A042377}.Release|Any CPU.Build.0 = Release|Any CPU
		{EA695D0A-3D77-4DE0-8D4F-35024A042377}.Release|Mixed Platforms.ActiveCfg = Release|Any CPU
		{EA695D0A-3D77-4DE0-8D4F-35024A042377}.Release|Mixed Platforms.Build.0 = Release|Any CPU
		{EA695D0A-3D77-4DE0-8D4F-35024A042377}.Release|x86.ActiveCfg = Release|Any CPU
		{2DAC418D-0C9E-4DC6-9E08-FCA2397A4907}.Debug|Any CPU.ActiveCfg = Debug|x86
		{2DAC418D-0C9E-4DC6-9E08-FCA2397A4907}.Debug|Mixed Platforms.ActiveCfg = Debug|x86
		{2DAC418D-0C9E-4DC6-9E08-FCA2397A4907}.Debug|Mixed Platforms.Build.0 = Debug|x86
		{2DAC418D-0C9E-4DC6-9E08-FCA2397A4907}.Debug|x86.ActiveCfg = Debug|x86
		{2DAC418D-0C9E-4DC6-9E08-FCA2397A4907}.Debug|x86.Build.0 = Debug|x86
		{2DAC418D-0C9E-4DC6-9E08-FCA2397A4907}.Release|Any CPU.ActiveCfg = Release|x86
		{2DAC418D-0C9E-4DC6-9E08-FCA2397A4907}.Release|Mixed Platforms.ActiveCfg = Release|x86
		{2DAC418D-0C9E-4DC6-9E08-FCA2397A4907}.Release|Mixed Platforms.Build.0 = Release|x86
		{2DAC418D-0C9E-4DC6-9E08-FCA2397A4907}.Release|x86.ActiveCfg = Release|x86
		{2DAC418D-0C9E-4DC6-9E08-FCA2397A4907}.Release|x86.Build.0 = Release|x86
	EndGlobalSection
	GlobalSection(SolutionProperties) = preSolution
		HideSolutionNode = FALSE
	EndGlobalSection
EndGlobal
